// !$*UTF8*$!
{
	archiveVersion = 1;
	classes = {
	};
	objectVersion = 56;
	objects = {

/* Begin PBXBuildFile section */
		136280522B2E42190005FAE3 /* SettingsView.swift in Sources */ = {isa = PBXBuildFile; fileRef = 136280512B2E42180005FAE3 /* SettingsView.swift */; };
		136B44F12B32169D00E73EAD /* OnboardingView.swift in Sources */ = {isa = PBXBuildFile; fileRef = 136B44F02B32169D00E73EAD /* OnboardingView.swift */; };
		13AF3D772B24FAEF00A16CFE /* Cs2SmokeApp.swift in Sources */ = {isa = PBXBuildFile; fileRef = 13AF3D762B24FAEF00A16CFE /* Cs2SmokeApp.swift */; };
		13AF3D792B24FAEF00A16CFE /* ContentView.swift in Sources */ = {isa = PBXBuildFile; fileRef = 13AF3D782B24FAEF00A16CFE /* ContentView.swift */; };
		13AF3D7B2B24FAF100A16CFE /* Assets.xcassets in Resources */ = {isa = PBXBuildFile; fileRef = 13AF3D7A2B24FAF100A16CFE /* Assets.xcassets */; };
		13AF3D7E2B24FAF100A16CFE /* Preview Assets.xcassets in Resources */ = {isa = PBXBuildFile; fileRef = 13AF3D7D2B24FAF100A16CFE /* Preview Assets.xcassets */; };
		13AF3D852B2501C100A16CFE /* MapView.swift in Sources */ = {isa = PBXBuildFile; fileRef = 13AF3D842B2501C100A16CFE /* MapView.swift */; };
		13AF3D8C2B27C26000A16CFE /* VideoView.swift in Sources */ = {isa = PBXBuildFile; fileRef = 13AF3D8B2B27C26000A16CFE /* VideoView.swift */; };
		13AF3D8E2B27C38E00A16CFE /* ButtonData.swift in Sources */ = {isa = PBXBuildFile; fileRef = 13AF3D8D2B27C38E00A16CFE /* ButtonData.swift */; };
		13F4130A2B3227500011FCDF /* OnboardingData.swift in Sources */ = {isa = PBXBuildFile; fileRef = 13F413092B3227500011FCDF /* OnboardingData.swift */; };
/* End PBXBuildFile section */

/* Begin PBXFileReference section */
		136280512B2E42180005FAE3 /* SettingsView.swift */ = {isa = PBXFileReference; lastKnownFileType = sourcecode.swift; path = SettingsView.swift; sourceTree = "<group>"; };
		136B44F02B32169D00E73EAD /* OnboardingView.swift */ = {isa = PBXFileReference; lastKnownFileType = sourcecode.swift; path = OnboardingView.swift; sourceTree = "<group>"; };
		13AF3D732B24FAEF00A16CFE /* Cs2Smoke.app */ = {isa = PBXFileReference; explicitFileType = wrapper.application; includeInIndex = 0; path = Cs2Smoke.app; sourceTree = BUILT_PRODUCTS_DIR; };
		13AF3D762B24FAEF00A16CFE /* Cs2SmokeApp.swift */ = {isa = PBXFileReference; lastKnownFileType = sourcecode.swift; path = Cs2SmokeApp.swift; sourceTree = "<group>"; };
		13AF3D782B24FAEF00A16CFE /* ContentView.swift */ = {isa = PBXFileReference; lastKnownFileType = sourcecode.swift; path = ContentView.swift; sourceTree = "<group>"; };
		13AF3D7A2B24FAF100A16CFE /* Assets.xcassets */ = {isa = PBXFileReference; lastKnownFileType = folder.assetcatalog; path = Assets.xcassets; sourceTree = "<group>"; };
		13AF3D7D2B24FAF100A16CFE /* Preview Assets.xcassets */ = {isa = PBXFileReference; lastKnownFileType = folder.assetcatalog; path = "Preview Assets.xcassets"; sourceTree = "<group>"; };
		13AF3D842B2501C100A16CFE /* MapView.swift */ = {isa = PBXFileReference; lastKnownFileType = sourcecode.swift; path = MapView.swift; sourceTree = "<group>"; };
		13AF3D8B2B27C26000A16CFE /* VideoView.swift */ = {isa = PBXFileReference; lastKnownFileType = sourcecode.swift; path = VideoView.swift; sourceTree = "<group>"; };
		13AF3D8D2B27C38E00A16CFE /* ButtonData.swift */ = {isa = PBXFileReference; lastKnownFileType = sourcecode.swift; path = ButtonData.swift; sourceTree = "<group>"; };
		13F413092B3227500011FCDF /* OnboardingData.swift */ = {isa = PBXFileReference; lastKnownFileType = sourcecode.swift; path = OnboardingData.swift; sourceTree = "<group>"; };
/* End PBXFileReference section */

/* Begin PBXFrameworksBuildPhase section */
		13AF3D702B24FAEF00A16CFE /* Frameworks */ = {
			isa = PBXFrameworksBuildPhase;
			buildActionMask = 2147483647;
			files = (
			);
			runOnlyForDeploymentPostprocessing = 0;
		};
/* End PBXFrameworksBuildPhase section */

/* Begin PBXGroup section */
		134FFFF82B2FD5D900665908 /* Data */ = {
			isa = PBXGroup;
			children = (
				13AF3D8D2B27C38E00A16CFE /* ButtonData.swift */,
				13F413092B3227500011FCDF /* OnboardingData.swift */,
			);
			path = Data;
			sourceTree = "<group>";
		};
		13AF3D6A2B24FAEF00A16CFE = {
			isa = PBXGroup;
			children = (
				13AF3D752B24FAEF00A16CFE /* Cs2Smoke */,
				13AF3D742B24FAEF00A16CFE /* Products */,
			);
			sourceTree = "<group>";
		};
		13AF3D742B24FAEF00A16CFE /* Products */ = {
			isa = PBXGroup;
			children = (
				13AF3D732B24FAEF00A16CFE /* Cs2Smoke.app */,
			);
			name = Products;
			sourceTree = "<group>";
		};
		13AF3D752B24FAEF00A16CFE /* Cs2Smoke */ = {
			isa = PBXGroup;
			children = (
				13AF3D762B24FAEF00A16CFE /* Cs2SmokeApp.swift */,
				13AF3D862B25D44800A16CFE /* Views */,
				13F413082B3220020011FCDF /* Onboarding */,
				134FFFF82B2FD5D900665908 /* Data */,
				13AF3D7A2B24FAF100A16CFE /* Assets.xcassets */,
				13AF3D7C2B24FAF100A16CFE /* Preview Content */,
			);
			path = Cs2Smoke;
			sourceTree = "<group>";
		};
		13AF3D7C2B24FAF100A16CFE /* Preview Content */ = {
			isa = PBXGroup;
			children = (
				13AF3D7D2B24FAF100A16CFE /* Preview Assets.xcassets */,
			);
			path = "Preview Content";
			sourceTree = "<group>";
		};
		13AF3D862B25D44800A16CFE /* Views */ = {
			isa = PBXGroup;
			children = (
				13AF3D782B24FAEF00A16CFE /* ContentView.swift */,
				13AF3D842B2501C100A16CFE /* MapView.swift */,
				13AF3D8B2B27C26000A16CFE /* VideoView.swift */,
				136280512B2E42180005FAE3 /* SettingsView.swift */,
			);
			path = Views;
			sourceTree = "<group>";
		};
		13F413082B3220020011FCDF /* Onboarding */ = {
			isa = PBXGroup;
			children = (
				136B44F02B32169D00E73EAD /* OnboardingView.swift */,
			);
			path = Onboarding;
			sourceTree = "<group>";
		};
/* End PBXGroup section */

/* Begin PBXNativeTarget section */
		13AF3D722B24FAEF00A16CFE /* Cs2Smoke */ = {
			isa = PBXNativeTarget;
			buildConfigurationList = 13AF3D812B24FAF100A16CFE /* Build configuration list for PBXNativeTarget "Cs2Smoke" */;
			buildPhases = (
				13AF3D6F2B24FAEF00A16CFE /* Sources */,
				13AF3D702B24FAEF00A16CFE /* Frameworks */,
				13AF3D712B24FAEF00A16CFE /* Resources */,
			);
			buildRules = (
			);
			dependencies = (
			);
			name = Cs2Smoke;
			productName = Cs2Smoke;
			productReference = 13AF3D732B24FAEF00A16CFE /* Cs2Smoke.app */;
			productType = "com.apple.product-type.application";
		};
/* End PBXNativeTarget section */

/* Begin PBXProject section */
		13AF3D6B2B24FAEF00A16CFE /* Project object */ = {
			isa = PBXProject;
			attributes = {
				BuildIndependentTargetsInParallel = 1;
				LastSwiftUpdateCheck = 1500;
				LastUpgradeCheck = 1500;
				TargetAttributes = {
					13AF3D722B24FAEF00A16CFE = {
						CreatedOnToolsVersion = 15.0.1;
					};
				};
			};
			buildConfigurationList = 13AF3D6E2B24FAEF00A16CFE /* Build configuration list for PBXProject "Cs2Smoke" */;
			compatibilityVersion = "Xcode 14.0";
			developmentRegion = en;
			hasScannedForEncodings = 0;
			knownRegions = (
				en,
				Base,
			);
			mainGroup = 13AF3D6A2B24FAEF00A16CFE;
			productRefGroup = 13AF3D742B24FAEF00A16CFE /* Products */;
			projectDirPath = "";
			projectRoot = "";
			targets = (
				13AF3D722B24FAEF00A16CFE /* Cs2Smoke */,
			);
		};
/* End PBXProject section */

/* Begin PBXResourcesBuildPhase section */
		13AF3D712B24FAEF00A16CFE /* Resources */ = {
			isa = PBXResourcesBuildPhase;
			buildActionMask = 2147483647;
			files = (
				13AF3D7E2B24FAF100A16CFE /* Preview Assets.xcassets in Resources */,
				13AF3D7B2B24FAF100A16CFE /* Assets.xcassets in Resources */,
			);
			runOnlyForDeploymentPostprocessing = 0;
		};
/* End PBXResourcesBuildPhase section */

/* Begin PBXSourcesBuildPhase section */
		13AF3D6F2B24FAEF00A16CFE /* Sources */ = {
			isa = PBXSourcesBuildPhase;
			buildActionMask = 2147483647;
			files = (
				136280522B2E42190005FAE3 /* SettingsView.swift in Sources */,
				13AF3D8E2B27C38E00A16CFE /* ButtonData.swift in Sources */,
				13AF3D8C2B27C26000A16CFE /* VideoView.swift in Sources */,
				13AF3D852B2501C100A16CFE /* MapView.swift in Sources */,
				13F4130A2B3227500011FCDF /* OnboardingData.swift in Sources */,
				13AF3D792B24FAEF00A16CFE /* ContentView.swift in Sources */,
				13AF3D772B24FAEF00A16CFE /* Cs2SmokeApp.swift in Sources */,
				136B44F12B32169D00E73EAD /* OnboardingView.swift in Sources */,
			);
			runOnlyForDeploymentPostprocessing = 0;
		};
/* End PBXSourcesBuildPhase section */

/* Begin XCBuildConfiguration section */
		13AF3D7F2B24FAF100A16CFE /* Debug */ = {
			isa = XCBuildConfiguration;
			buildSettings = {
				ALWAYS_SEARCH_USER_PATHS = NO;
				ASSETCATALOG_COMPILER_GENERATE_SWIFT_ASSET_SYMBOL_EXTENSIONS = YES;
				CLANG_ANALYZER_NONNULL = YES;
				CLANG_ANALYZER_NUMBER_OBJECT_CONVERSION = YES_AGGRESSIVE;
				CLANG_CXX_LANGUAGE_STANDARD = "gnu++20";
				CLANG_ENABLE_MODULES = YES;
				CLANG_ENABLE_OBJC_ARC = YES;
				CLANG_ENABLE_OBJC_WEAK = YES;
				CLANG_WARN_BLOCK_CAPTURE_AUTORELEASING = YES;
				CLANG_WARN_BOOL_CONVERSION = YES;
				CLANG_WARN_COMMA = YES;
				CLANG_WARN_CONSTANT_CONVERSION = YES;
				CLANG_WARN_DEPRECATED_OBJC_IMPLEMENTATIONS = YES;
				CLANG_WARN_DIRECT_OBJC_ISA_USAGE = YES_ERROR;
				CLANG_WARN_DOCUMENTATION_COMMENTS = YES;
				CLANG_WARN_EMPTY_BODY = YES;
				CLANG_WARN_ENUM_CONVERSION = YES;
				CLANG_WARN_INFINITE_RECURSION = YES;
				CLANG_WARN_INT_CONVERSION = YES;
				CLANG_WARN_NON_LITERAL_NULL_CONVERSION = YES;
				CLANG_WARN_OBJC_IMPLICIT_RETAIN_SELF = YES;
				CLANG_WARN_OBJC_LITERAL_CONVERSION = YES;
				CLANG_WARN_OBJC_ROOT_CLASS = YES_ERROR;
				CLANG_WARN_QUOTED_INCLUDE_IN_FRAMEWORK_HEADER = YES;
				CLANG_WARN_RANGE_LOOP_ANALYSIS = YES;
				CLANG_WARN_STRICT_PROTOTYPES = YES;
				CLANG_WARN_SUSPICIOUS_MOVE = YES;
				CLANG_WARN_UNGUARDED_AVAILABILITY = YES_AGGRESSIVE;
				CLANG_WARN_UNREACHABLE_CODE = YES;
				CLANG_WARN__DUPLICATE_METHOD_MATCH = YES;
				COPY_PHASE_STRIP = NO;
				DEBUG_INFORMATION_FORMAT = dwarf;
				ENABLE_STRICT_OBJC_MSGSEND = YES;
				ENABLE_TESTABILITY = YES;
				ENABLE_USER_SCRIPT_SANDBOXING = YES;
				GCC_C_LANGUAGE_STANDARD = gnu17;
				GCC_DYNAMIC_NO_PIC = NO;
				GCC_NO_COMMON_BLOCKS = YES;
				GCC_OPTIMIZATION_LEVEL = 0;
				GCC_PREPROCESSOR_DEFINITIONS = (
					"DEBUG=1",
					"$(inherited)",
				);
				GCC_WARN_64_TO_32_BIT_CONVERSION = YES;
				GCC_WARN_ABOUT_RETURN_TYPE = YES_ERROR;
				GCC_WARN_UNDECLARED_SELECTOR = YES;
				GCC_WARN_UNINITIALIZED_AUTOS = YES_AGGRESSIVE;
				GCC_WARN_UNUSED_FUNCTION = YES;
				GCC_WARN_UNUSED_VARIABLE = YES;
				IPHONEOS_DEPLOYMENT_TARGET = 17.0;
				LOCALIZATION_PREFERS_STRING_CATALOGS = YES;
				MTL_ENABLE_DEBUG_INFO = INCLUDE_SOURCE;
				MTL_FAST_MATH = YES;
				ONLY_ACTIVE_ARCH = YES;
				SDKROOT = iphoneos;
				SWIFT_ACTIVE_COMPILATION_CONDITIONS = "DEBUG $(inherited)";
				SWIFT_OPTIMIZATION_LEVEL = "-Onone";
			};
			name = Debug;
		};
		13AF3D802B24FAF100A16CFE /* Release */ = {
			isa = XCBuildConfiguration;
			buildSettings = {
				ALWAYS_SEARCH_USER_PATHS = NO;
				ASSETCATALOG_COMPILER_GENERATE_SWIFT_ASSET_SYMBOL_EXTENSIONS = YES;
				CLANG_ANALYZER_NONNULL = YES;
				CLANG_ANALYZER_NUMBER_OBJECT_CONVERSION = YES_AGGRESSIVE;
				CLANG_CXX_LANGUAGE_STANDARD = "gnu++20";
				CLANG_ENABLE_MODULES = YES;
				CLANG_ENABLE_OBJC_ARC = YES;
				CLANG_ENABLE_OBJC_WEAK = YES;
				CLANG_WARN_BLOCK_CAPTURE_AUTORELEASING = YES;
				CLANG_WARN_BOOL_CONVERSION = YES;
				CLANG_WARN_COMMA = YES;
				CLANG_WARN_CONSTANT_CONVERSION = YES;
				CLANG_WARN_DEPRECATED_OBJC_IMPLEMENTATIONS = YES;
				CLANG_WARN_DIRECT_OBJC_ISA_USAGE = YES_ERROR;
				CLANG_WARN_DOCUMENTATION_COMMENTS = YES;
				CLANG_WARN_EMPTY_BODY = YES;
				CLANG_WARN_ENUM_CONVERSION = YES;
				CLANG_WARN_INFINITE_RECURSION = YES;
				CLANG_WARN_INT_CONVERSION = YES;
				CLANG_WARN_NON_LITERAL_NULL_CONVERSION = YES;
				CLANG_WARN_OBJC_IMPLICIT_RETAIN_SELF = YES;
				CLANG_WARN_OBJC_LITERAL_CONVERSION = YES;
				CLANG_WARN_OBJC_ROOT_CLASS = YES_ERROR;
				CLANG_WARN_QUOTED_INCLUDE_IN_FRAMEWORK_HEADER = YES;
				CLANG_WARN_RANGE_LOOP_ANALYSIS = YES;
				CLANG_WARN_STRICT_PROTOTYPES = YES;
				CLANG_WARN_SUSPICIOUS_MOVE = YES;
				CLANG_WARN_UNGUARDED_AVAILABILITY = YES_AGGRESSIVE;
				CLANG_WARN_UNREACHABLE_CODE = YES;
				CLANG_WARN__DUPLICATE_METHOD_MATCH = YES;
				COPY_PHASE_STRIP = NO;
				DEBUG_INFORMATION_FORMAT = "dwarf-with-dsym";
				ENABLE_NS_ASSERTIONS = NO;
				ENABLE_STRICT_OBJC_MSGSEND = YES;
				ENABLE_USER_SCRIPT_SANDBOXING = YES;
				GCC_C_LANGUAGE_STANDARD = gnu17;
				GCC_NO_COMMON_BLOCKS = YES;
				GCC_WARN_64_TO_32_BIT_CONVERSION = YES;
				GCC_WARN_ABOUT_RETURN_TYPE = YES_ERROR;
				GCC_WARN_UNDECLARED_SELECTOR = YES;
				GCC_WARN_UNINITIALIZED_AUTOS = YES_AGGRESSIVE;
				GCC_WARN_UNUSED_FUNCTION = YES;
				GCC_WARN_UNUSED_VARIABLE = YES;
				IPHONEOS_DEPLOYMENT_TARGET = 17.0;
				LOCALIZATION_PREFERS_STRING_CATALOGS = YES;
				MTL_ENABLE_DEBUG_INFO = NO;
				MTL_FAST_MATH = YES;
				SDKROOT = iphoneos;
				SWIFT_COMPILATION_MODE = wholemodule;
				VALIDATE_PRODUCT = YES;
			};
			name = Release;
		};
		13AF3D822B24FAF100A16CFE /* Debug */ = {
			isa = XCBuildConfiguration;
			buildSettings = {
				ASSETCATALOG_COMPILER_APPICON_NAME = AppIcon;
				ASSETCATALOG_COMPILER_GLOBAL_ACCENT_COLOR_NAME = AccentColor;
				CODE_SIGN_STYLE = Automatic;
				CURRENT_PROJECT_VERSION = 1;
				DEVELOPMENT_ASSET_PATHS = "\"Cs2Smoke/Preview Content\"";
				DEVELOPMENT_TEAM = 73R73J5P48;
				ENABLE_PREVIEWS = YES;
				GENERATE_INFOPLIST_FILE = YES;
				INFOPLIST_KEY_LSApplicationCategoryType = "public.app-category.entertainment";
				INFOPLIST_KEY_UIApplicationSceneManifest_Generation = YES;
				INFOPLIST_KEY_UIApplicationSupportsIndirectInputEvents = YES;
				INFOPLIST_KEY_UILaunchScreen_Generation = YES;
				INFOPLIST_KEY_UISupportedInterfaceOrientations = UIInterfaceOrientationPortrait;
				IPHONEOS_DEPLOYMENT_TARGET = 15.0;
				LD_RUNPATH_SEARCH_PATHS = (
					"$(inherited)",
					"@executable_path/Frameworks",
				);
				MARKETING_VERSION = 1.0;
				PRODUCT_BUNDLE_IDENTIFIER = com.bugraciftci.Cs2Smoke;
				PRODUCT_NAME = "$(TARGET_NAME)";
				SWIFT_EMIT_LOC_STRINGS = YES;
				SWIFT_VERSION = 5.0;
				TARGETED_DEVICE_FAMILY = "1,2";
			};
			name = Debug;
		};
		13AF3D832B24FAF100A16CFE /* Release */ = {
			isa = XCBuildConfiguration;
			buildSettings = {
				ASSETCATALOG_COMPILER_APPICON_NAME = AppIcon;
				ASSETCATALOG_COMPILER_GLOBAL_ACCENT_COLOR_NAME = AccentColor;
				CODE_SIGN_STYLE = Automatic;
				CURRENT_PROJECT_VERSION = 1;
				DEVELOPMENT_ASSET_PATHS = "\"Cs2Smoke/Preview Content\"";
				DEVELOPMENT_TEAM = 73R73J5P48;
				ENABLE_PREVIEWS = YES;
				GENERATE_INFOPLIST_FILE = YES;
				INFOPLIST_KEY_LSApplicationCategoryType = "public.app-category.entertainment";
				INFOPLIST_KEY_UIApplicationSceneManifest_Generation = YES;
				INFOPLIST_KEY_UIApplicationSupportsIndirectInputEvents = YES;
				INFOPLIST_KEY_UILaunchScreen_Generation = YES;
				INFOPLIST_KEY_UISupportedInterfaceOrientations = UIInterfaceOrientationPortrait;
				IPHONEOS_DEPLOYMENT_TARGET = 15.0;
				LD_RUNPATH_SEARCH_PATHS = (
					"$(inherited)",
					"@executable_path/Frameworks",
				);
				MARKETING_VERSION = 1.0;
				PRODUCT_BUNDLE_IDENTIFIER = com.bugraciftci.Cs2Smoke;
				PRODUCT_NAME = "$(TARGET_NAME)";
				SWIFT_EMIT_LOC_STRINGS = YES;
				SWIFT_VERSION = 5.0;
				TARGETED_DEVICE_FAMILY = "1,2";
			};
			name = Release;
		};
/* End XCBuildConfiguration section */

/* Begin XCConfigurationList section */
		13AF3D6E2B24FAEF00A16CFE /* Build configuration list for PBXProject "Cs2Smoke" */ = {
			isa = XCConfigurationList;
			buildConfigurations = (
				13AF3D7F2B24FAF100A16CFE /* Debug */,
				13AF3D802B24FAF100A16CFE /* Release */,
			);
			defaultConfigurationIsVisible = 0;
			defaultConfigurationName = Release;
		};
		13AF3D812B24FAF100A16CFE /* Build configuration list for PBXNativeTarget "Cs2Smoke" */ = {
			isa = XCConfigurationList;
			buildConfigurations = (
				13AF3D822B24FAF100A16CFE /* Debug */,
				13AF3D832B24FAF100A16CFE /* Release */,
			);
			defaultConfigurationIsVisible = 0;
			defaultConfigurationName = Release;
		};
/* End XCConfigurationList section */
	};
	rootObject = 13AF3D6B2B24FAEF00A16CFE /* Project object */;
}
